
Microsoft Visual Studio Solution File, Format Version 12.00
# Visual Studio Version 17
VisualStudioVersion = 17.11.35303.130
MinimumVisualStudioVersion = 10.0.40219.1
Project("{FAE04EC0-301F-11D3-BF4B-00C04F79EFBC}") = "feladat", "feladat\feladat.csproj", "{979C0BD0-5BCB-4994-B30C-D112FBE55398}"
EndProject
Global
	GlobalSection(SolutionConfigurationPlatforms) = preSolution
		Debug|Any CPU = Debug|Any CPU
		Release|Any CPU = Release|Any CPU
	EndGlobalSection
	GlobalSection(ProjectConfigurationPlatforms) = postSolution
		{979C0BD0-5BCB-4994-B30C-D112FBE55398}.Debug|Any CPU.ActiveCfg = Debug|Any CPU
		{979C0BD0-5BCB-4994-B30C-D112FBE55398}.Debug|Any CPU.Build.0 = Debug|Any CPU
		{979C0BD0-5BCB-4994-B30C-D112FBE55398}.Release|Any CPU.ActiveCfg = Release|Any CPU
		{979C0BD0-5BCB-4994-B30C-D112FBE55398}.Release|Any CPU.Build.0 = Release|Any CPU
	EndGlobalSection
	GlobalSection(SolutionProperties) = preSolution
		HideSolutionNode = FALSE
	EndGlobalSection
	GlobalSection(ExtensibilityGlobals) = postSolution
		SolutionGuid = {CD90BCCF-3784-4FD3-9234-5FD9E1BCB66D}
	EndGlobalSection
EndGlobal
